// !$*UTF8*$!
{
	archiveVersion = 1;
	classes = {
	};
	objectVersion = 48;
	objects = {

/* Begin PBXBuildFile section */
		6A0616BA1F9FF1D100415A39 /* Lo.swift in Sources */ = {isa = PBXBuildFile; fileRef = 6A0616B91F9FF1D100415A39 /* Lo.swift */; };
		6A0616BC1FA006A700415A39 /* Vu.swift in Sources */ = {isa = PBXBuildFile; fileRef = 6A0616BB1FA006A700415A39 /* Vu.swift */; };
		6A0616BE1FA006BC00415A39 /* CareTaker.swift in Sources */ = {isa = PBXBuildFile; fileRef = 6A0616BD1FA006BC00415A39 /* CareTaker.swift */; };
		6A0616C01FA006D800415A39 /* Sensor.swift in Sources */ = {isa = PBXBuildFile; fileRef = 6A0616BF1FA006D800415A39 /* Sensor.swift */; };
		6A74D68F1F843F23006A8F09 /* AppDelegate.swift in Sources */ = {isa = PBXBuildFile; fileRef = 6A74D68E1F843F23006A8F09 /* AppDelegate.swift */; };
		6A74D6911F843F23006A8F09 /* ViewController.swift in Sources */ = {isa = PBXBuildFile; fileRef = 6A74D6901F843F23006A8F09 /* ViewController.swift */; };
		6A74D6941F843F23006A8F09 /* Main.storyboard in Resources */ = {isa = PBXBuildFile; fileRef = 6A74D6921F843F23006A8F09 /* Main.storyboard */; };
		6A74D6961F843F23006A8F09 /* Assets.xcassets in Resources */ = {isa = PBXBuildFile; fileRef = 6A74D6951F843F23006A8F09 /* Assets.xcassets */; };
		6A74D6991F843F23006A8F09 /* LaunchScreen.storyboard in Resources */ = {isa = PBXBuildFile; fileRef = 6A74D6971F843F23006A8F09 /* LaunchScreen.storyboard */; };
		6AB458A81FB391FC0095EE9A /* Slider.swift in Sources */ = {isa = PBXBuildFile; fileRef = 6AB458A71FB391FC0095EE9A /* Slider.swift */; };
/* End PBXBuildFile section */

/* Begin PBXFileReference section */
		6A0616B91F9FF1D100415A39 /* Lo.swift */ = {isa = PBXFileReference; lastKnownFileType = sourcecode.swift; path = Lo.swift; sourceTree = "<group>"; };
		6A0616BB1FA006A700415A39 /* Vu.swift */ = {isa = PBXFileReference; lastKnownFileType = sourcecode.swift; path = Vu.swift; sourceTree = "<group>"; };
		6A0616BD1FA006BC00415A39 /* CareTaker.swift */ = {isa = PBXFileReference; lastKnownFileType = sourcecode.swift; path = CareTaker.swift; sourceTree = "<group>"; };
		6A0616BF1FA006D800415A39 /* Sensor.swift */ = {isa = PBXFileReference; lastKnownFileType = sourcecode.swift; path = Sensor.swift; sourceTree = "<group>"; };
		6A74D68B1F843F23006A8F09 /* Project Paladin.app */ = {isa = PBXFileReference; explicitFileType = wrapper.application; includeInIndex = 0; path = "Project Paladin.app"; sourceTree = BUILT_PRODUCTS_DIR; };
		6A74D68E1F843F23006A8F09 /* AppDelegate.swift */ = {isa = PBXFileReference; lastKnownFileType = sourcecode.swift; path = AppDelegate.swift; sourceTree = "<group>"; };
		6A74D6901F843F23006A8F09 /* ViewController.swift */ = {isa = PBXFileReference; lastKnownFileType = sourcecode.swift; path = ViewController.swift; sourceTree = "<group>"; };
		6A74D6931F843F23006A8F09 /* Base */ = {isa = PBXFileReference; lastKnownFileType = file.storyboard; name = Base; path = Base.lproj/Main.storyboard; sourceTree = "<group>"; };
		6A74D6951F843F23006A8F09 /* Assets.xcassets */ = {isa = PBXFileReference; lastKnownFileType = folder.assetcatalog; path = Assets.xcassets; sourceTree = "<group>"; };
		6A74D6981F843F23006A8F09 /* Base */ = {isa = PBXFileReference; lastKnownFileType = file.storyboard; name = Base; path = Base.lproj/LaunchScreen.storyboard; sourceTree = "<group>"; };
		6A74D69A1F843F23006A8F09 /* Info.plist */ = {isa = PBXFileReference; lastKnownFileType = text.plist.xml; path = Info.plist; sourceTree = "<group>"; };
		6AB458A71FB391FC0095EE9A /* Slider.swift */ = {isa = PBXFileReference; fileEncoding = 4; lastKnownFileType = sourcecode.swift; path = Slider.swift; sourceTree = "<group>"; };
/* End PBXFileReference section */

/* Begin PBXFrameworksBuildPhase section */
		6A74D6881F843F23006A8F09 /* Frameworks */ = {
			isa = PBXFrameworksBuildPhase;
			buildActionMask = 2147483647;
			files = (
			);
			runOnlyForDeploymentPostprocessing = 0;
		};
/* End PBXFrameworksBuildPhase section */

/* Begin PBXGroup section */
		6A74D6821F843F23006A8F09 = {
			isa = PBXGroup;
			children = (
				6A74D68D1F843F23006A8F09 /* Project Paladin */,
				6A74D68C1F843F23006A8F09 /* Products */,
			);
			sourceTree = "<group>";
		};
		6A74D68C1F843F23006A8F09 /* Products */ = {
			isa = PBXGroup;
			children = (
				6A74D68B1F843F23006A8F09 /* Project Paladin.app */,
			);
			name = Products;
			sourceTree = "<group>";
		};
		6A74D68D1F843F23006A8F09 /* Project Paladin */ = {
			isa = PBXGroup;
			children = (
				6AB458A71FB391FC0095EE9A /* Slider.swift */,
				6A74D68E1F843F23006A8F09 /* AppDelegate.swift */,
				6A74D6901F843F23006A8F09 /* ViewController.swift */,
				6A74D6951F843F23006A8F09 /* Assets.xcassets */,
				6A74D6971F843F23006A8F09 /* LaunchScreen.storyboard */,
				6A74D6921F843F23006A8F09 /* Main.storyboard */,
				6A74D69A1F843F23006A8F09 /* Info.plist */,
				6A0616B91F9FF1D100415A39 /* Lo.swift */,
				6A0616BB1FA006A700415A39 /* Vu.swift */,
				6A0616BD1FA006BC00415A39 /* CareTaker.swift */,
				6A0616BF1FA006D800415A39 /* Sensor.swift */,
			);
			path = "Project Paladin";
			sourceTree = "<group>";
		};
/* End PBXGroup section */

/* Begin PBXNativeTarget section */
		6A74D68A1F843F23006A8F09 /* Project Paladin */ = {
			isa = PBXNativeTarget;
			buildConfigurationList = 6A74D69D1F843F23006A8F09 /* Build configuration list for PBXNativeTarget "Project Paladin" */;
			buildPhases = (
				6A74D6871F843F23006A8F09 /* Sources */,
				6A74D6881F843F23006A8F09 /* Frameworks */,
				6A74D6891F843F23006A8F09 /* Resources */,
			);
			buildRules = (
			);
			dependencies = (
			);
			name = "Project Paladin";
			productName = "Project Paladin";
			productReference = 6A74D68B1F843F23006A8F09 /* Project Paladin.app */;
			productType = "com.apple.product-type.application";
		};
/* End PBXNativeTarget section */

/* Begin PBXProject section */
		6A74D6831F843F23006A8F09 /* Project object */ = {
			isa = PBXProject;
			attributes = {
				LastSwiftUpdateCheck = 0900;
				LastUpgradeCheck = 0900;
				ORGANIZATIONNAME = "Olive Tree Ent.";
				TargetAttributes = {
					6A74D68A1F843F23006A8F09 = {
						CreatedOnToolsVersion = 9.0;
						ProvisioningStyle = Automatic;
					};
				};
			};
			buildConfigurationList = 6A74D6861F843F23006A8F09 /* Build configuration list for PBXProject "Project Paladin" */;
			compatibilityVersion = "Xcode 8.0";
			developmentRegion = en;
			hasScannedForEncodings = 0;
			knownRegions = (
				en,
				Base,
			);
			mainGroup = 6A74D6821F843F23006A8F09;
			productRefGroup = 6A74D68C1F843F23006A8F09 /* Products */;
			projectDirPath = "";
			projectRoot = "";
			targets = (
				6A74D68A1F843F23006A8F09 /* Project Paladin */,
			);
		};
/* End PBXProject section */

/* Begin PBXResourcesBuildPhase section */
		6A74D6891F843F23006A8F09 /* Resources */ = {
			isa = PBXResourcesBuildPhase;
			buildActionMask = 2147483647;
			files = (
				6A74D6991F843F23006A8F09 /* LaunchScreen.storyboard in Resources */,
				6A74D6961F843F23006A8F09 /* Assets.xcassets in Resources */,
				6A74D6941F843F23006A8F09 /* Main.storyboard in Resources */,
			);
			runOnlyForDeploymentPostprocessing = 0;
		};
/* End PBXResourcesBuildPhase section */

/* Begin PBXSourcesBuildPhase section */
		6A74D6871F843F23006A8F09 /* Sources */ = {
			isa = PBXSourcesBuildPhase;
			buildActionMask = 2147483647;
			files = (
				6A74D6911F843F23006A8F09 /* ViewController.swift in Sources */,
				6A0616C01FA006D800415A39 /* Sensor.swift in Sources */,
				6A74D68F1F843F23006A8F09 /* AppDelegate.swift in Sources */,
				6A0616BE1FA006BC00415A39 /* CareTaker.swift in Sources */,
				6A0616BC1FA006A700415A39 /* Vu.swift in Sources */,
				6A0616BA1F9FF1D100415A39 /* Lo.swift in Sources */,
				6AB458A81FB391FC0095EE9A /* Slider.swift in Sources */,
			);
			runOnlyForDeploymentPostprocessing = 0;
		};
/* End PBXSourcesBuildPhase section */

/* Begin PBXVariantGroup section */
		6A74D6921F843F23006A8F09 /* Main.storyboard */ = {
			isa = PBXVariantGroup;
			children = (
				6A74D6931F843F23006A8F09 /* Base */,
			);
			name = Main.storyboard;
			sourceTree = "<group>";
		};
		6A74D6971F843F23006A8F09 /* LaunchScreen.storyboard */ = {
			isa = PBXVariantGroup;
			children = (
				6A74D6981F843F23006A8F09 /* Base */,
			);
			name = LaunchScreen.storyboard;
			sourceTree = "<group>";
		};
/* End PBXVariantGroup section */

/* Begin XCBuildConfiguration section */
		6A74D69B1F843F23006A8F09 /* Debug */ = {
			isa = XCBuildConfiguration;
			buildSettings = {
				ALWAYS_SEARCH_USER_PATHS = NO;
				CLANG_ANALYZER_NONNULL = YES;
				CLANG_ANALYZER_NUMBER_OBJECT_CONVERSION = YES_AGGRESSIVE;
				CLANG_CXX_LANGUAGE_STANDARD = "gnu++14";
				CLANG_CXX_LIBRARY = "libc++";
				CLANG_ENABLE_MODULES = YES;
				CLANG_ENABLE_OBJC_ARC = YES;
				CLANG_WARN_BLOCK_CAPTURE_AUTORELEASING = YES;
				CLANG_WARN_BOOL_CONVERSION = YES;
				CLANG_WARN_COMMA = YES;
				CLANG_WARN_CONSTANT_CONVERSION = YES;
				CLANG_WARN_DIRECT_OBJC_ISA_USAGE = YES_ERROR;
				CLANG_WARN_DOCUMENTATION_COMMENTS = YES;
				CLANG_WARN_EMPTY_BODY = YES;
				CLANG_WARN_ENUM_CONVERSION = YES;
				CLANG_WARN_INFINITE_RECURSION = YES;
				CLANG_WARN_INT_CONVERSION = YES;
				CLANG_WARN_NON_LITERAL_NULL_CONVERSION = YES;
				CLANG_WARN_OBJC_LITERAL_CONVERSION = YES;
				CLANG_WARN_OBJC_ROOT_CLASS = YES_ERROR;
				CLANG_WARN_RANGE_LOOP_ANALYSIS = YES;
				CLANG_WARN_STRICT_PROTOTYPES = YES;
				CLANG_WARN_SUSPICIOUS_MOVE = YES;
				CLANG_WARN_UNGUARDED_AVAILABILITY = YES_AGGRESSIVE;
				CLANG_WARN_UNREACHABLE_CODE = YES;
				CLANG_WARN__DUPLICATE_METHOD_MATCH = YES;
				CODE_SIGN_IDENTITY = "iPhone Developer";
				COPY_PHASE_STRIP = NO;
				DEBUG_INFORMATION_FORMAT = dwarf;
				ENABLE_STRICT_OBJC_MSGSEND = YES;
				ENABLE_TESTABILITY = YES;
				GCC_C_LANGUAGE_STANDARD = gnu11;
				GCC_DYNAMIC_NO_PIC = NO;
				GCC_NO_COMMON_BLOCKS = YES;
				GCC_OPTIMIZATION_LEVEL = 0;
				GCC_PREPROCESSOR_DEFINITIONS = (
					"DEBUG=1",
					"$(inherited)",
				);
				GCC_WARN_64_TO_32_BIT_CONVERSION = YES;
				GCC_WARN_ABOUT_RETURN_TYPE = YES_ERROR;
				GCC_WARN_UNDECLARED_SELECTOR = YES;
				GCC_WARN_UNINITIALIZED_AUTOS = YES_AGGRESSIVE;
				GCC_WARN_UNUSED_FUNCTION = YES;
				GCC_WARN_UNUSED_VARIABLE = YES;
				IPHONEOS_DEPLOYMENT_TARGET = 11.0;
				MTL_ENABLE_DEBUG_INFO = YES;
				ONLY_ACTIVE_ARCH = YES;
				SDKROOT = iphoneos;
				SWIFT_ACTIVE_COMPILATION_CONDITIONS = DEBUG;
				SWIFT_OPTIMIZATION_LEVEL = "-Onone";
			};
			name = Debug;
		};
		6A74D69C1F843F23006A8F09 /* Release */ = {
			isa = XCBuildConfiguration;
			buildSettings = {
				ALWAYS_SEARCH_USER_PATHS = NO;
				CLANG_ANALYZER_NONNULL = YES;
				CLANG_ANALYZER_NUMBER_OBJECT_CONVERSION = YES_AGGRESSIVE;
				CLANG_CXX_LANGUAGE_STANDARD = "gnu++14";
				CLANG_CXX_LIBRARY = "libc++";
				CLANG_ENABLE_MODULES = YES;
				CLANG_ENABLE_OBJC_ARC = YES;
				CLANG_WARN_BLOCK_CAPTURE_AUTORELEASING = YES;
				CLANG_WARN_BOOL_CONVERSION = YES;
				CLANG_WARN_COMMA = YES;
				CLANG_WARN_CONSTANT_CONVERSION = YES;
				CLANG_WARN_DIRECT_OBJC_ISA_USAGE = YES_ERROR;
				CLANG_WARN_DOCUMENTATION_COMMENTS = YES;
				CLANG_WARN_EMPTY_BODY = YES;
				CLANG_WARN_ENUM_CONVERSION = YES;
				CLANG_WARN_INFINITE_RECURSION = YES;
				CLANG_WARN_INT_CONVERSION = YES;
				CLANG_WARN_NON_LITERAL_NULL_CONVERSION = YES;
				CLANG_WARN_OBJC_LITERAL_CONVERSION = YES;
				CLANG_WARN_OBJC_ROOT_CLASS = YES_ERROR;
				CLANG_WARN_RANGE_LOOP_ANALYSIS = YES;
				CLANG_WARN_STRICT_PROTOTYPES = YES;
				CLANG_WARN_SUSPICIOUS_MOVE = YES;
				CLANG_WARN_UNGUARDED_AVAILABILITY = YES_AGGRESSIVE;
				CLANG_WARN_UNREACHABLE_CODE = YES;
				CLANG_WARN__DUPLICATE_METHOD_MATCH = YES;
				CODE_SIGN_IDENTITY = "iPhone Developer";
				COPY_PHASE_STRIP = NO;
				DEBUG_INFORMATION_FORMAT = "dwarf-with-dsym";
				ENABLE_NS_ASSERTIONS = NO;
				ENABLE_STRICT_OBJC_MSGSEND = YES;
				GCC_C_LANGUAGE_STANDARD = gnu11;
				GCC_NO_COMMON_BLOCKS = YES;
				GCC_WARN_64_TO_32_BIT_CONVERSION = YES;
				GCC_WARN_ABOUT_RETURN_TYPE = YES_ERROR;
				GCC_WARN_UNDECLARED_SELECTOR = YES;
				GCC_WARN_UNINITIALIZED_AUTOS = YES_AGGRESSIVE;
				GCC_WARN_UNUSED_FUNCTION = YES;
				GCC_WARN_UNUSED_VARIABLE = YES;
				IPHONEOS_DEPLOYMENT_TARGET = 11.0;
				MTL_ENABLE_DEBUG_INFO = NO;
				SDKROOT = iphoneos;
				SWIFT_OPTIMIZATION_LEVEL = "-Owholemodule";
				VALIDATE_PRODUCT = YES;
			};
			name = Release;
		};
		6A74D69E1F843F23006A8F09 /* Debug */ = {
			isa = XCBuildConfiguration;
			buildSettings = {
				ASSETCATALOG_COMPILER_APPICON_NAME = AppIcon;
				CODE_SIGN_STYLE = Automatic;
				DEVELOPMENT_TEAM = "";
				INFOPLIST_FILE = "Project Paladin/Info.plist";
				LD_RUNPATH_SEARCH_PATHS = "$(inherited) @executable_path/Frameworks";
				PRODUCT_BUNDLE_IDENTIFIER = "OliveTreeEnt.Project-Paladin";
				PRODUCT_NAME = "$(TARGET_NAME)";
				SWIFT_VERSION = 4.0;
				TARGETED_DEVICE_FAMILY = "1,2";
			};
			name = Debug;
		};
		6A74D69F1F843F23006A8F09 /* Release */ = {
			isa = XCBuildConfiguration;
			buildSettings = {
				ASSETCATALOG_COMPILER_APPICON_NAME = AppIcon;
				CODE_SIGN_STYLE = Automatic;
				DEVELOPMENT_TEAM = "";
				INFOPLIST_FILE = "Project Paladin/Info.plist";
				LD_RUNPATH_SEARCH_PATHS = "$(inherited) @executable_path/Frameworks";
				PRODUCT_BUNDLE_IDENTIFIER = "OliveTreeEnt.Project-Paladin";
				PRODUCT_NAME = "$(TARGET_NAME)";
				SWIFT_VERSION = 4.0;
				TARGETED_DEVICE_FAMILY = "1,2";
			};
			name = Release;
		};
/* End XCBuildConfiguration section */

/* Begin XCConfigurationList section */
		6A74D6861F843F23006A8F09 /* Build configuration list for PBXProject "Project Paladin" */ = {
			isa = XCConfigurationList;
			buildConfigurations = (
				6A74D69B1F843F23006A8F09 /* Debug */,
				6A74D69C1F843F23006A8F09 /* Release */,
			);
			defaultConfigurationIsVisible = 0;
			defaultConfigurationName = Release;
		};
		6A74D69D1F843F23006A8F09 /* Build configuration list for PBXNativeTarget "Project Paladin" */ = {
			isa = XCConfigurationList;
			buildConfigurations = (
				6A74D69E1F843F23006A8F09 /* Debug */,
				6A74D69F1F843F23006A8F09 /* Release */,
			);
			defaultConfigurationIsVisible = 0;
			defaultConfigurationName = Release;
		};
/* End XCConfigurationList section */
	};
	rootObject = 6A74D6831F843F23006A8F09 /* Project object */;
}
